
Microsoft Visual Studio Solution File, Format Version 12.00
# Visual Studio Version 17
VisualStudioVersion = 17.4.33213.308
MinimumVisualStudioVersion = 10.0.40219.1
Project("{9A19103F-16F7-4668-BE54-9A1E7A4F7556}") = "shorten.url", "shorten.url\shorten.url.csproj", "{3E6DC780-AD25-4F4B-B31B-7620A27D87DD}"
EndProject
Project("{FAE04EC0-301F-11D3-BF4B-00C04F79EFBC}") = "shorten.url.application", "shorten.url.application\shorten.url.application.csproj", "{8FBD1EB3-66D2-4D97-90FA-7E9D02D0B30E}"
EndProject
Project("{FAE04EC0-301F-11D3-BF4B-00C04F79EFBC}") = "shorten.url.domain", "shorten.url.domain\shorten.url.domain.csproj", "{69AD8FE4-CE2A-4879-9C61-5083D10C6903}"
EndProject
Project("{FAE04EC0-301F-11D3-BF4B-00C04F79EFBC}") = "shorten.url.infrastructure", "shorten.url.infrastructure\shorten.url.infrastructure.csproj", "{244D99A9-D7B7-44C5-ABC2-CEACE48A78C2}"
EndProject
Global
	GlobalSection(SolutionConfigurationPlatforms) = preSolution
		Debug|Any CPU = Debug|Any CPU
		Release|Any CPU = Release|Any CPU
	EndGlobalSection
	GlobalSection(ProjectConfigurationPlatforms) = postSolution
		{3E6DC780-AD25-4F4B-B31B-7620A27D87DD}.Debug|Any CPU.ActiveCfg = Debug|Any CPU
		{3E6DC780-AD25-4F4B-B31B-7620A27D87DD}.Debug|Any CPU.Build.0 = Debug|Any CPU
		{3E6DC780-AD25-4F4B-B31B-7620A27D87DD}.Release|Any CPU.ActiveCfg = Release|Any CPU
		{3E6DC780-AD25-4F4B-B31B-7620A27D87DD}.Release|Any CPU.Build.0 = Release|Any CPU
		{8FBD1EB3-66D2-4D97-90FA-7E9D02D0B30E}.Debug|Any CPU.ActiveCfg = Debug|Any CPU
		{8FBD1EB3-66D2-4D97-90FA-7E9D02D0B30E}.Debug|Any CPU.Build.0 = Debug|Any CPU
		{8FBD1EB3-66D2-4D97-90FA-7E9D02D0B30E}.Release|Any CPU.ActiveCfg = Release|Any CPU
		{8FBD1EB3-66D2-4D97-90FA-7E9D02D0B30E}.Release|Any CPU.Build.0 = Release|Any CPU
		{69AD8FE4-CE2A-4879-9C61-5083D10C6903}.Debug|Any CPU.ActiveCfg = Debug|Any CPU
		{69AD8FE4-CE2A-4879-9C61-5083D10C6903}.Debug|Any CPU.Build.0 = Debug|Any CPU
		{69AD8FE4-CE2A-4879-9C61-5083D10C6903}.Release|Any CPU.ActiveCfg = Release|Any CPU
		{69AD8FE4-CE2A-4879-9C61-5083D10C6903}.Release|Any CPU.Build.0 = Release|Any CPU
		{244D99A9-D7B7-44C5-ABC2-CEACE48A78C2}.Debug|Any CPU.ActiveCfg = Debug|Any CPU
		{244D99A9-D7B7-44C5-ABC2-CEACE48A78C2}.Debug|Any CPU.Build.0 = Debug|Any CPU
		{244D99A9-D7B7-44C5-ABC2-CEACE48A78C2}.Release|Any CPU.ActiveCfg = Release|Any CPU
		{244D99A9-D7B7-44C5-ABC2-CEACE48A78C2}.Release|Any CPU.Build.0 = Release|Any CPU
	EndGlobalSection
	GlobalSection(SolutionProperties) = preSolution
		HideSolutionNode = FALSE
	EndGlobalSection
	GlobalSection(ExtensibilityGlobals) = postSolution
		SolutionGuid = {E507B140-AF76-4B49-AFEB-994BA7460A89}
	EndGlobalSection
EndGlobal
